
Microsoft Visual Studio Solution File, Format Version 12.00
# Visual Studio 15
VisualStudioVersion = 15.0.26430.16
MinimumVisualStudioVersion = 10.0.40219.1
Project("{FAE04EC0-301F-11D3-BF4B-00C04F79EFBC}") = "HomeWork01", "HomeWork01\HomeWork01.csproj", "{BD605018-22F7-48D3-BAF1-E086AC992903}"
EndProject
Project("{FAE04EC0-301F-11D3-BF4B-00C04F79EFBC}") = "HomeWork02", "HomeWork02\HomeWork02.csproj", "{7DE2485B-4EB3-4849-A00D-4AB8004D6E40}"
EndProject
Global
	GlobalSection(SolutionConfigurationPlatforms) = preSolution
		Debug|Any CPU = Debug|Any CPU
		Release|Any CPU = Release|Any CPU
	EndGlobalSection
	GlobalSection(ProjectConfigurationPlatforms) = postSolution
		{BD605018-22F7-48D3-BAF1-E086AC992903}.Debug|Any CPU.ActiveCfg = Debug|Any CPU
		{BD605018-22F7-48D3-BAF1-E086AC992903}.Debug|Any CPU.Build.0 = Debug|Any CPU
		{BD605018-22F7-48D3-BAF1-E086AC992903}.Release|Any CPU.ActiveCfg = Release|Any CPU
		{BD605018-22F7-48D3-BAF1-E086AC992903}.Release|Any CPU.Build.0 = Release|Any CPU
		{7DE2485B-4EB3-4849-A00D-4AB8004D6E40}.Debug|Any CPU.ActiveCfg = Debug|Any CPU
		{7DE2485B-4EB3-4849-A00D-4AB8004D6E40}.Debug|Any CPU.Build.0 = Debug|Any CPU
		{7DE2485B-4EB3-4849-A00D-4AB8004D6E40}.Release|Any CPU.ActiveCfg = Release|Any CPU
		{7DE2485B-4EB3-4849-A00D-4AB8004D6E40}.Release|Any CPU.Build.0 = Release|Any CPU
	EndGlobalSection
	GlobalSection(SolutionProperties) = preSolution
		HideSolutionNode = FALSE
	EndGlobalSection
EndGlobal
